// !$*UTF8*$!
{
	archiveVersion = 1;
	classes = {
	};
	objectVersion = 51;
	objects = {

/* Begin PBXBuildFile section */
		362A9F1514D4E3166C1BA438 /* Pods_AGMVVMTests.framework in Frameworks */ = {isa = PBXBuildFile; fileRef = 759BCD77F01ED0DA06E85A00 /* Pods_AGMVVMTests.framework */; };
		62DED6A9586F719AEFABC37C /* Pods_AGMVVM_AGMVVMUITests.framework in Frameworks */ = {isa = PBXBuildFile; fileRef = EDF1E5B4F3411AC2E49B140C /* Pods_AGMVVM_AGMVVMUITests.framework */; };
		814CD58F135E7FAC8145DF26 /* Pods_AGMVVM.framework in Frameworks */ = {isa = PBXBuildFile; fileRef = E0A5B9EC77F003CE4022C2F3 /* Pods_AGMVVM.framework */; };
		F81FB38F26B984D100577897 /* AppDelegate.swift in Sources */ = {isa = PBXBuildFile; fileRef = F81FB38E26B984D100577897 /* AppDelegate.swift */; };
		F81FB39126B984D100577897 /* SceneDelegate.swift in Sources */ = {isa = PBXBuildFile; fileRef = F81FB39026B984D100577897 /* SceneDelegate.swift */; };
		F81FB39826B984D600577897 /* Assets.xcassets in Resources */ = {isa = PBXBuildFile; fileRef = F81FB39726B984D600577897 /* Assets.xcassets */; };
		F81FB39B26B984D600577897 /* LaunchScreen.storyboard in Resources */ = {isa = PBXBuildFile; fileRef = F81FB39926B984D600577897 /* LaunchScreen.storyboard */; };
		F81FB3A626B984D700577897 /* AGMVVMTests.swift in Sources */ = {isa = PBXBuildFile; fileRef = F81FB3A526B984D700577897 /* AGMVVMTests.swift */; };
		F81FB3B126B984D700577897 /* AGMVVMUITests.swift in Sources */ = {isa = PBXBuildFile; fileRef = F81FB3B026B984D700577897 /* AGMVVMUITests.swift */; };
		F81FB3CD26B98F0900577897 /* HomeVC.swift in Sources */ = {isa = PBXBuildFile; fileRef = F81FB3CB26B98F0900577897 /* HomeVC.swift */; };
		F81FB3CE26B98F0900577897 /* HomeVC.xib in Resources */ = {isa = PBXBuildFile; fileRef = F81FB3CC26B98F0900577897 /* HomeVC.xib */; };
		F81FB3D026B98F3600577897 /* HomeModel.swift in Sources */ = {isa = PBXBuildFile; fileRef = F81FB3CF26B98F3600577897 /* HomeModel.swift */; };
		F81FB3D326B98FAB00577897 /* HomeViewModel.swift in Sources */ = {isa = PBXBuildFile; fileRef = F81FB3D226B98FAB00577897 /* HomeViewModel.swift */; };
		F81FB3D926B991EE00577897 /* CodableInit.swift in Sources */ = {isa = PBXBuildFile; fileRef = F81FB3D826B991EE00577897 /* CodableInit.swift */; };
		F81FB3DC26B9921000577897 /* APIError.swift in Sources */ = {isa = PBXBuildFile; fileRef = F81FB3DB26B9921000577897 /* APIError.swift */; };
		F81FB3DF26B9923200577897 /* DefaultResponse.swift in Sources */ = {isa = PBXBuildFile; fileRef = F81FB3DE26B9923200577897 /* DefaultResponse.swift */; };
		F81FB3E126B9924A00577897 /* ResponseHandler.swift in Sources */ = {isa = PBXBuildFile; fileRef = F81FB3E026B9924A00577897 /* ResponseHandler.swift */; };
		F81FB3E326B992DC00577897 /* URLRequestBuilder.swift in Sources */ = {isa = PBXBuildFile; fileRef = F81FB3E226B992DC00577897 /* URLRequestBuilder.swift */; };
		F81FB3E526B992F500577897 /* UploadData.swift in Sources */ = {isa = PBXBuildFile; fileRef = F81FB3E426B992F500577897 /* UploadData.swift */; };
		F81FB3E726B9931200577897 /* APIRequestHandler.swift in Sources */ = {isa = PBXBuildFile; fileRef = F81FB3E626B9931200577897 /* APIRequestHandler.swift */; };
		F81FB3EB26B993BA00577897 /* ApiUrl.swift in Sources */ = {isa = PBXBuildFile; fileRef = F81FB3EA26B993BA00577897 /* ApiUrl.swift */; };
		F827A99826BA7BB500380E07 /* MainViewController.swift in Sources */ = {isa = PBXBuildFile; fileRef = F827A99726BA7BB500380E07 /* MainViewController.swift */; };
		F827A99F26BA7F3100380E07 /* NetworkManager.swift in Sources */ = {isa = PBXBuildFile; fileRef = F827A99E26BA7F3100380E07 /* NetworkManager.swift */; };
		F827A9A326BA89C700380E07 /* HomeTableCell.swift in Sources */ = {isa = PBXBuildFile; fileRef = F827A9A126BA89C700380E07 /* HomeTableCell.swift */; };
		F827A9A426BA89C700380E07 /* HomeTableCell.xib in Resources */ = {isa = PBXBuildFile; fileRef = F827A9A226BA89C700380E07 /* HomeTableCell.xib */; };
		F827A9A826BA8D2500380E07 /* TableView+Extension.swift in Sources */ = {isa = PBXBuildFile; fileRef = F827A9A726BA8D2500380E07 /* TableView+Extension.swift */; };
/* End PBXBuildFile section */

/* Begin PBXContainerItemProxy section */
		F81FB3A226B984D700577897 /* PBXContainerItemProxy */ = {
			isa = PBXContainerItemProxy;
			containerPortal = F81FB38326B984D100577897 /* Project object */;
			proxyType = 1;
			remoteGlobalIDString = F81FB38A26B984D100577897;
			remoteInfo = AGMVVM;
		};
		F81FB3AD26B984D700577897 /* PBXContainerItemProxy */ = {
			isa = PBXContainerItemProxy;
			containerPortal = F81FB38326B984D100577897 /* Project object */;
			proxyType = 1;
			remoteGlobalIDString = F81FB38A26B984D100577897;
			remoteInfo = AGMVVM;
		};
/* End PBXContainerItemProxy section */

/* Begin PBXFileReference section */
		333B606D5515C1B922D8C55A /* Pods-AGMVVMTests.debug.xcconfig */ = {isa = PBXFileReference; includeInIndex = 1; lastKnownFileType = text.xcconfig; name = "Pods-AGMVVMTests.debug.xcconfig"; path = "Target Support Files/Pods-AGMVVMTests/Pods-AGMVVMTests.debug.xcconfig"; sourceTree = "<group>"; };
		49DD64E4E04C7651E6A1852C /* Pods-AGMVVM.release.xcconfig */ = {isa = PBXFileReference; includeInIndex = 1; lastKnownFileType = text.xcconfig; name = "Pods-AGMVVM.release.xcconfig"; path = "Target Support Files/Pods-AGMVVM/Pods-AGMVVM.release.xcconfig"; sourceTree = "<group>"; };
		759BCD77F01ED0DA06E85A00 /* Pods_AGMVVMTests.framework */ = {isa = PBXFileReference; explicitFileType = wrapper.framework; includeInIndex = 0; path = Pods_AGMVVMTests.framework; sourceTree = BUILT_PRODUCTS_DIR; };
		7CF3149559A18B84C9259DE4 /* Pods-AGMVVM.debug.xcconfig */ = {isa = PBXFileReference; includeInIndex = 1; lastKnownFileType = text.xcconfig; name = "Pods-AGMVVM.debug.xcconfig"; path = "Target Support Files/Pods-AGMVVM/Pods-AGMVVM.debug.xcconfig"; sourceTree = "<group>"; };
		95AD88F9AC485FD619DCC52B /* Pods-AGMVVM-AGMVVMUITests.release.xcconfig */ = {isa = PBXFileReference; includeInIndex = 1; lastKnownFileType = text.xcconfig; name = "Pods-AGMVVM-AGMVVMUITests.release.xcconfig"; path = "Target Support Files/Pods-AGMVVM-AGMVVMUITests/Pods-AGMVVM-AGMVVMUITests.release.xcconfig"; sourceTree = "<group>"; };
		A4B51DF2AFF8EACAC9B3959E /* Pods-AGMVVM-AGMVVMUITests.debug.xcconfig */ = {isa = PBXFileReference; includeInIndex = 1; lastKnownFileType = text.xcconfig; name = "Pods-AGMVVM-AGMVVMUITests.debug.xcconfig"; path = "Target Support Files/Pods-AGMVVM-AGMVVMUITests/Pods-AGMVVM-AGMVVMUITests.debug.xcconfig"; sourceTree = "<group>"; };
		C79FA146654F80B91C18F419 /* Pods-AGMVVMTests.release.xcconfig */ = {isa = PBXFileReference; includeInIndex = 1; lastKnownFileType = text.xcconfig; name = "Pods-AGMVVMTests.release.xcconfig"; path = "Target Support Files/Pods-AGMVVMTests/Pods-AGMVVMTests.release.xcconfig"; sourceTree = "<group>"; };
		E0A5B9EC77F003CE4022C2F3 /* Pods_AGMVVM.framework */ = {isa = PBXFileReference; explicitFileType = wrapper.framework; includeInIndex = 0; path = Pods_AGMVVM.framework; sourceTree = BUILT_PRODUCTS_DIR; };
		EDF1E5B4F3411AC2E49B140C /* Pods_AGMVVM_AGMVVMUITests.framework */ = {isa = PBXFileReference; explicitFileType = wrapper.framework; includeInIndex = 0; path = Pods_AGMVVM_AGMVVMUITests.framework; sourceTree = BUILT_PRODUCTS_DIR; };
		F81FB38B26B984D100577897 /* AGMVVM.app */ = {isa = PBXFileReference; explicitFileType = wrapper.application; includeInIndex = 0; path = AGMVVM.app; sourceTree = BUILT_PRODUCTS_DIR; };
		F81FB38E26B984D100577897 /* AppDelegate.swift */ = {isa = PBXFileReference; lastKnownFileType = sourcecode.swift; path = AppDelegate.swift; sourceTree = "<group>"; };
		F81FB39026B984D100577897 /* SceneDelegate.swift */ = {isa = PBXFileReference; lastKnownFileType = sourcecode.swift; path = SceneDelegate.swift; sourceTree = "<group>"; };
		F81FB39726B984D600577897 /* Assets.xcassets */ = {isa = PBXFileReference; lastKnownFileType = folder.assetcatalog; path = Assets.xcassets; sourceTree = "<group>"; };
		F81FB39A26B984D600577897 /* Base */ = {isa = PBXFileReference; lastKnownFileType = file.storyboard; name = Base; path = Base.lproj/LaunchScreen.storyboard; sourceTree = "<group>"; };
		F81FB39C26B984D600577897 /* Info.plist */ = {isa = PBXFileReference; lastKnownFileType = text.plist.xml; path = Info.plist; sourceTree = "<group>"; };
		F81FB3A126B984D700577897 /* AGMVVMTests.xctest */ = {isa = PBXFileReference; explicitFileType = wrapper.cfbundle; includeInIndex = 0; path = AGMVVMTests.xctest; sourceTree = BUILT_PRODUCTS_DIR; };
		F81FB3A526B984D700577897 /* AGMVVMTests.swift */ = {isa = PBXFileReference; lastKnownFileType = sourcecode.swift; path = AGMVVMTests.swift; sourceTree = "<group>"; };
		F81FB3A726B984D700577897 /* Info.plist */ = {isa = PBXFileReference; lastKnownFileType = text.plist.xml; path = Info.plist; sourceTree = "<group>"; };
		F81FB3AC26B984D700577897 /* AGMVVMUITests.xctest */ = {isa = PBXFileReference; explicitFileType = wrapper.cfbundle; includeInIndex = 0; path = AGMVVMUITests.xctest; sourceTree = BUILT_PRODUCTS_DIR; };
		F81FB3B026B984D700577897 /* AGMVVMUITests.swift */ = {isa = PBXFileReference; lastKnownFileType = sourcecode.swift; path = AGMVVMUITests.swift; sourceTree = "<group>"; };
		F81FB3B226B984D700577897 /* Info.plist */ = {isa = PBXFileReference; lastKnownFileType = text.plist.xml; path = Info.plist; sourceTree = "<group>"; };
		F81FB3CB26B98F0900577897 /* HomeVC.swift */ = {isa = PBXFileReference; lastKnownFileType = sourcecode.swift; path = HomeVC.swift; sourceTree = "<group>"; };
		F81FB3CC26B98F0900577897 /* HomeVC.xib */ = {isa = PBXFileReference; lastKnownFileType = file.xib; path = HomeVC.xib; sourceTree = "<group>"; };
		F81FB3CF26B98F3600577897 /* HomeModel.swift */ = {isa = PBXFileReference; lastKnownFileType = sourcecode.swift; path = HomeModel.swift; sourceTree = "<group>"; };
		F81FB3D226B98FAB00577897 /* HomeViewModel.swift */ = {isa = PBXFileReference; lastKnownFileType = sourcecode.swift; path = HomeViewModel.swift; sourceTree = "<group>"; };
		F81FB3D826B991EE00577897 /* CodableInit.swift */ = {isa = PBXFileReference; lastKnownFileType = sourcecode.swift; path = CodableInit.swift; sourceTree = "<group>"; };
		F81FB3DB26B9921000577897 /* APIError.swift */ = {isa = PBXFileReference; lastKnownFileType = sourcecode.swift; path = APIError.swift; sourceTree = "<group>"; };
		F81FB3DE26B9923200577897 /* DefaultResponse.swift */ = {isa = PBXFileReference; lastKnownFileType = sourcecode.swift; path = DefaultResponse.swift; sourceTree = "<group>"; };
		F81FB3E026B9924A00577897 /* ResponseHandler.swift */ = {isa = PBXFileReference; lastKnownFileType = sourcecode.swift; path = ResponseHandler.swift; sourceTree = "<group>"; };
		F81FB3E226B992DC00577897 /* URLRequestBuilder.swift */ = {isa = PBXFileReference; lastKnownFileType = sourcecode.swift; path = URLRequestBuilder.swift; sourceTree = "<group>"; };
		F81FB3E426B992F500577897 /* UploadData.swift */ = {isa = PBXFileReference; lastKnownFileType = sourcecode.swift; path = UploadData.swift; sourceTree = "<group>"; };
		F81FB3E626B9931200577897 /* APIRequestHandler.swift */ = {isa = PBXFileReference; lastKnownFileType = sourcecode.swift; path = APIRequestHandler.swift; sourceTree = "<group>"; };
		F81FB3EA26B993BA00577897 /* ApiUrl.swift */ = {isa = PBXFileReference; lastKnownFileType = sourcecode.swift; path = ApiUrl.swift; sourceTree = "<group>"; };
		F827A99726BA7BB500380E07 /* MainViewController.swift */ = {isa = PBXFileReference; lastKnownFileType = sourcecode.swift; path = MainViewController.swift; sourceTree = "<group>"; };
		F827A99E26BA7F3100380E07 /* NetworkManager.swift */ = {isa = PBXFileReference; lastKnownFileType = sourcecode.swift; path = NetworkManager.swift; sourceTree = "<group>"; };
		F827A9A126BA89C700380E07 /* HomeTableCell.swift */ = {isa = PBXFileReference; lastKnownFileType = sourcecode.swift; path = HomeTableCell.swift; sourceTree = "<group>"; };
		F827A9A226BA89C700380E07 /* HomeTableCell.xib */ = {isa = PBXFileReference; lastKnownFileType = file.xib; path = HomeTableCell.xib; sourceTree = "<group>"; };
		F827A9A726BA8D2500380E07 /* TableView+Extension.swift */ = {isa = PBXFileReference; lastKnownFileType = sourcecode.swift; path = "TableView+Extension.swift"; sourceTree = "<group>"; };
/* End PBXFileReference section */

/* Begin PBXFrameworksBuildPhase section */
		F81FB38826B984D100577897 /* Frameworks */ = {
			isa = PBXFrameworksBuildPhase;
			buildActionMask = 2147483647;
			files = (
				814CD58F135E7FAC8145DF26 /* Pods_AGMVVM.framework in Frameworks */,
			);
			runOnlyForDeploymentPostprocessing = 0;
		};
		F81FB39E26B984D700577897 /* Frameworks */ = {
			isa = PBXFrameworksBuildPhase;
			buildActionMask = 2147483647;
			files = (
				362A9F1514D4E3166C1BA438 /* Pods_AGMVVMTests.framework in Frameworks */,
			);
			runOnlyForDeploymentPostprocessing = 0;
		};
		F81FB3A926B984D700577897 /* Frameworks */ = {
			isa = PBXFrameworksBuildPhase;
			buildActionMask = 2147483647;
			files = (
				62DED6A9586F719AEFABC37C /* Pods_AGMVVM_AGMVVMUITests.framework in Frameworks */,
			);
			runOnlyForDeploymentPostprocessing = 0;
		};
/* End PBXFrameworksBuildPhase section */

/* Begin PBXGroup section */
		80C53A2CBA872A701DA56D00 /* Frameworks */ = {
			isa = PBXGroup;
			children = (
				E0A5B9EC77F003CE4022C2F3 /* Pods_AGMVVM.framework */,
				EDF1E5B4F3411AC2E49B140C /* Pods_AGMVVM_AGMVVMUITests.framework */,
				759BCD77F01ED0DA06E85A00 /* Pods_AGMVVMTests.framework */,
			);
			name = Frameworks;
			sourceTree = "<group>";
		};
		D87D81BDE34484BF8E0B2FC8 /* Pods */ = {
			isa = PBXGroup;
			children = (
				7CF3149559A18B84C9259DE4 /* Pods-AGMVVM.debug.xcconfig */,
				49DD64E4E04C7651E6A1852C /* Pods-AGMVVM.release.xcconfig */,
				A4B51DF2AFF8EACAC9B3959E /* Pods-AGMVVM-AGMVVMUITests.debug.xcconfig */,
				95AD88F9AC485FD619DCC52B /* Pods-AGMVVM-AGMVVMUITests.release.xcconfig */,
				333B606D5515C1B922D8C55A /* Pods-AGMVVMTests.debug.xcconfig */,
				C79FA146654F80B91C18F419 /* Pods-AGMVVMTests.release.xcconfig */,
			);
			path = Pods;
			sourceTree = "<group>";
		};
		F81FB38226B984D100577897 = {
			isa = PBXGroup;
			children = (
				F81FB38D26B984D100577897 /* AGMVVM */,
				F81FB3A426B984D700577897 /* AGMVVMTests */,
				F81FB3AF26B984D700577897 /* AGMVVMUITests */,
				F81FB38C26B984D100577897 /* Products */,
				D87D81BDE34484BF8E0B2FC8 /* Pods */,
				80C53A2CBA872A701DA56D00 /* Frameworks */,
			);
			sourceTree = "<group>";
		};
		F81FB38C26B984D100577897 /* Products */ = {
			isa = PBXGroup;
			children = (
				F81FB38B26B984D100577897 /* AGMVVM.app */,
				F81FB3A126B984D700577897 /* AGMVVMTests.xctest */,
				F81FB3AC26B984D700577897 /* AGMVVMUITests.xctest */,
			);
			name = Products;
			sourceTree = "<group>";
		};
		F81FB38D26B984D100577897 /* AGMVVM */ = {
			isa = PBXGroup;
			children = (
				F81FB3BF26B985BD00577897 /* Core */,
				F81FB3BE26B985B000577897 /* Configration */,
				F81FB3C026B985DC00577897 /* Resourcess */,
				F827A9A526BA8CDD00380E07 /* Extension */,
				F81FB3E926B9938900577897 /* Api */,
				F81FB3D426B9916000577897 /* Network */,
				F81FB3C226B985FE00577897 /* Scenes */,
				F81FB3C126B985ED00577897 /* Storyboard */,
			);
			path = AGMVVM;
			sourceTree = "<group>";
		};
		F81FB3A426B984D700577897 /* AGMVVMTests */ = {
			isa = PBXGroup;
			children = (
				F81FB3A526B984D700577897 /* AGMVVMTests.swift */,
				F81FB3A726B984D700577897 /* Info.plist */,
			);
			path = AGMVVMTests;
			sourceTree = "<group>";
		};
		F81FB3AF26B984D700577897 /* AGMVVMUITests */ = {
			isa = PBXGroup;
			children = (
				F81FB3B026B984D700577897 /* AGMVVMUITests.swift */,
				F81FB3B226B984D700577897 /* Info.plist */,
			);
			path = AGMVVMUITests;
			sourceTree = "<group>";
		};
		F81FB3BE26B985B000577897 /* Configration */ = {
			isa = PBXGroup;
			children = (
				F81FB39C26B984D600577897 /* Info.plist */,
			);
			path = Configration;
			sourceTree = "<group>";
		};
		F81FB3BF26B985BD00577897 /* Core */ = {
			isa = PBXGroup;
			children = (
				F81FB38E26B984D100577897 /* AppDelegate.swift */,
				F81FB39026B984D100577897 /* SceneDelegate.swift */,
			);
			path = Core;
			sourceTree = "<group>";
		};
		F81FB3C026B985DC00577897 /* Resourcess */ = {
			isa = PBXGroup;
			children = (
				F81FB39726B984D600577897 /* Assets.xcassets */,
			);
			path = Resourcess;
			sourceTree = "<group>";
		};
		F81FB3C126B985ED00577897 /* Storyboard */ = {
			isa = PBXGroup;
			children = (
				F81FB39926B984D600577897 /* LaunchScreen.storyboard */,
			);
			path = Storyboard;
			sourceTree = "<group>";
		};
		F81FB3C226B985FE00577897 /* Scenes */ = {
			isa = PBXGroup;
			children = (
				F81FB3C326B98AD000577897 /* Home */,
			);
			path = Scenes;
			sourceTree = "<group>";
		};
		F81FB3C326B98AD000577897 /* Home */ = {
			isa = PBXGroup;
			children = (
				F81FB3CA26B98ECA00577897 /* Model */,
				F81FB3C926B98EBB00577897 /* ViewModel */,
				F81FB3C826B98EA900577897 /* View */,
			);
			path = Home;
			sourceTree = "<group>";
		};
		F81FB3C826B98EA900577897 /* View */ = {
			isa = PBXGroup;
			children = (
				F827A9A026BA899F00380E07 /* Cell */,
				F81FB3CB26B98F0900577897 /* HomeVC.swift */,
				F81FB3CC26B98F0900577897 /* HomeVC.xib */,
			);
			path = View;
			sourceTree = "<group>";
		};
		F81FB3C926B98EBB00577897 /* ViewModel */ = {
			isa = PBXGroup;
			children = (
				F81FB3D226B98FAB00577897 /* HomeViewModel.swift */,
			);
			path = ViewModel;
			sourceTree = "<group>";
		};
		F81FB3CA26B98ECA00577897 /* Model */ = {
			isa = PBXGroup;
			children = (
				F81FB3CF26B98F3600577897 /* HomeModel.swift */,
			);
			path = Model;
			sourceTree = "<group>";
		};
		F81FB3D426B9916000577897 /* Network */ = {
			isa = PBXGroup;
			children = (
				F827A99D26BA7F0600380E07 /* Network Manger */,
				F81FB3D726B991D800577897 /* RequestHandler */,
				F81FB3D626B991CE00577897 /* Requests */,
				F81FB3D526B991B500577897 /* response */,
			);
			path = Network;
			sourceTree = "<group>";
		};
		F81FB3D526B991B500577897 /* response */ = {
			isa = PBXGroup;
			children = (
				F81FB3D826B991EE00577897 /* CodableInit.swift */,
				F81FB3DB26B9921000577897 /* APIError.swift */,
				F81FB3DE26B9923200577897 /* DefaultResponse.swift */,
				F81FB3E026B9924A00577897 /* ResponseHandler.swift */,
			);
			path = response;
			sourceTree = "<group>";
		};
		F81FB3D626B991CE00577897 /* Requests */ = {
			isa = PBXGroup;
			children = (
				F81FB3E226B992DC00577897 /* URLRequestBuilder.swift */,
				F81FB3E426B992F500577897 /* UploadData.swift */,
			);
			path = Requests;
			sourceTree = "<group>";
		};
		F81FB3D726B991D800577897 /* RequestHandler */ = {
			isa = PBXGroup;
			children = (
				F81FB3E626B9931200577897 /* APIRequestHandler.swift */,
			);
			path = RequestHandler;
			sourceTree = "<group>";
		};
		F81FB3E926B9938900577897 /* Api */ = {
			isa = PBXGroup;
			children = (
				F81FB3EA26B993BA00577897 /* ApiUrl.swift */,
			);
			path = Api;
			sourceTree = "<group>";
		};
		F827A99626BA7B9D00380E07 /* MainScreen */ = {
			isa = PBXGroup;
			children = (
				F827A99726BA7BB500380E07 /* MainViewController.swift */,
			);
			path = MainScreen;
			sourceTree = "<group>";
		};
		F827A99D26BA7F0600380E07 /* Network Manger */ = {
			isa = PBXGroup;
			children = (
				F827A99E26BA7F3100380E07 /* NetworkManager.swift */,
			);
			path = "Network Manger";
			sourceTree = "<group>";
		};
		F827A9A026BA899F00380E07 /* Cell */ = {
			isa = PBXGroup;
			children = (
				F827A9A126BA89C700380E07 /* HomeTableCell.swift */,
				F827A9A226BA89C700380E07 /* HomeTableCell.xib */,
			);
			path = Cell;
			sourceTree = "<group>";
		};
		F827A9A526BA8CDD00380E07 /* Extension */ = {
			isa = PBXGroup;
			children = (
				F827A9A626BA8CF200380E07 /* TableView */,
				F827A99626BA7B9D00380E07 /* MainScreen */,
			);
			path = Extension;
			sourceTree = "<group>";
		};
		F827A9A626BA8CF200380E07 /* TableView */ = {
			isa = PBXGroup;
			children = (
				F827A9A726BA8D2500380E07 /* TableView+Extension.swift */,
			);
			path = TableView;
			sourceTree = "<group>";
		};
/* End PBXGroup section */

/* Begin PBXNativeTarget section */
		F81FB38A26B984D100577897 /* AGMVVM */ = {
			isa = PBXNativeTarget;
			buildConfigurationList = F81FB3B526B984D700577897 /* Build configuration list for PBXNativeTarget "AGMVVM" */;
			buildPhases = (
				7404EABE6504E877DC37BACA /* [CP] Check Pods Manifest.lock */,
				F81FB38726B984D100577897 /* Sources */,
				F81FB38826B984D100577897 /* Frameworks */,
				F81FB38926B984D100577897 /* Resources */,
				CBA94DACC0C9BB57B43C6DCE /* [CP] Embed Pods Frameworks */,
			);
			buildRules = (
			);
			dependencies = (
			);
			name = AGMVVM;
			productName = AGMVVM;
			productReference = F81FB38B26B984D100577897 /* AGMVVM.app */;
			productType = "com.apple.product-type.application";
		};
		F81FB3A026B984D700577897 /* AGMVVMTests */ = {
			isa = PBXNativeTarget;
			buildConfigurationList = F81FB3B826B984D700577897 /* Build configuration list for PBXNativeTarget "AGMVVMTests" */;
			buildPhases = (
				F975D23A7A790BB3186F9CFC /* [CP] Check Pods Manifest.lock */,
				F81FB39D26B984D700577897 /* Sources */,
				F81FB39E26B984D700577897 /* Frameworks */,
				F81FB39F26B984D700577897 /* Resources */,
			);
			buildRules = (
			);
			dependencies = (
				F81FB3A326B984D700577897 /* PBXTargetDependency */,
			);
			name = AGMVVMTests;
			productName = AGMVVMTests;
			productReference = F81FB3A126B984D700577897 /* AGMVVMTests.xctest */;
			productType = "com.apple.product-type.bundle.unit-test";
		};
		F81FB3AB26B984D700577897 /* AGMVVMUITests */ = {
			isa = PBXNativeTarget;
			buildConfigurationList = F81FB3BB26B984D700577897 /* Build configuration list for PBXNativeTarget "AGMVVMUITests" */;
			buildPhases = (
				26A0C761ED1852B3430A699C /* [CP] Check Pods Manifest.lock */,
				F81FB3A826B984D700577897 /* Sources */,
				F81FB3A926B984D700577897 /* Frameworks */,
				F81FB3AA26B984D700577897 /* Resources */,
				6687D23149E7605487AF9BD2 /* [CP] Embed Pods Frameworks */,
			);
			buildRules = (
			);
			dependencies = (
				F81FB3AE26B984D700577897 /* PBXTargetDependency */,
			);
			name = AGMVVMUITests;
			productName = AGMVVMUITests;
			productReference = F81FB3AC26B984D700577897 /* AGMVVMUITests.xctest */;
			productType = "com.apple.product-type.bundle.ui-testing";
		};
/* End PBXNativeTarget section */

/* Begin PBXProject section */
		F81FB38326B984D100577897 /* Project object */ = {
			isa = PBXProject;
			attributes = {
				LastSwiftUpdateCheck = 1250;
				LastUpgradeCheck = 1250;
				ORGANIZATIONNAME = "ahmed gado";
				TargetAttributes = {
					F81FB38A26B984D100577897 = {
						CreatedOnToolsVersion = 12.5.1;
					};
					F81FB3A026B984D700577897 = {
						CreatedOnToolsVersion = 12.5.1;
						TestTargetID = F81FB38A26B984D100577897;
					};
					F81FB3AB26B984D700577897 = {
						CreatedOnToolsVersion = 12.5.1;
						TestTargetID = F81FB38A26B984D100577897;
					};
				};
			};
			buildConfigurationList = F81FB38626B984D100577897 /* Build configuration list for PBXProject "AGMVVM" */;
			compatibilityVersion = "Xcode 9.3";
			developmentRegion = en;
			hasScannedForEncodings = 0;
			knownRegions = (
				en,
				Base,
			);
			mainGroup = F81FB38226B984D100577897;
			productRefGroup = F81FB38C26B984D100577897 /* Products */;
			projectDirPath = "";
			projectRoot = "";
			targets = (
				F81FB38A26B984D100577897 /* AGMVVM */,
				F81FB3A026B984D700577897 /* AGMVVMTests */,
				F81FB3AB26B984D700577897 /* AGMVVMUITests */,
			);
		};
/* End PBXProject section */

/* Begin PBXResourcesBuildPhase section */
		F81FB38926B984D100577897 /* Resources */ = {
			isa = PBXResourcesBuildPhase;
			buildActionMask = 2147483647;
			files = (
				F81FB39B26B984D600577897 /* LaunchScreen.storyboard in Resources */,
				F81FB3CE26B98F0900577897 /* HomeVC.xib in Resources */,
				F81FB39826B984D600577897 /* Assets.xcassets in Resources */,
				F827A9A426BA89C700380E07 /* HomeTableCell.xib in Resources */,
			);
			runOnlyForDeploymentPostprocessing = 0;
		};
		F81FB39F26B984D700577897 /* Resources */ = {
			isa = PBXResourcesBuildPhase;
			buildActionMask = 2147483647;
			files = (
			);
			runOnlyForDeploymentPostprocessing = 0;
		};
		F81FB3AA26B984D700577897 /* Resources */ = {
			isa = PBXResourcesBuildPhase;
			buildActionMask = 2147483647;
			files = (
			);
			runOnlyForDeploymentPostprocessing = 0;
		};
/* End PBXResourcesBuildPhase section */

/* Begin PBXShellScriptBuildPhase section */
		26A0C761ED1852B3430A699C /* [CP] Check Pods Manifest.lock */ = {
			isa = PBXShellScriptBuildPhase;
			buildActionMask = 2147483647;
			files = (
			);
			inputFileListPaths = (
			);
			inputPaths = (
				"${PODS_PODFILE_DIR_PATH}/Podfile.lock",
				"${PODS_ROOT}/Manifest.lock",
			);
			name = "[CP] Check Pods Manifest.lock";
			outputFileListPaths = (
			);
			outputPaths = (
				"$(DERIVED_FILE_DIR)/Pods-AGMVVM-AGMVVMUITests-checkManifestLockResult.txt",
			);
			runOnlyForDeploymentPostprocessing = 0;
			shellPath = /bin/sh;
			shellScript = "diff \"${PODS_PODFILE_DIR_PATH}/Podfile.lock\" \"${PODS_ROOT}/Manifest.lock\" > /dev/null\nif [ $? != 0 ] ; then\n    # print error to STDERR\n    echo \"error: The sandbox is not in sync with the Podfile.lock. Run 'pod install' or update your CocoaPods installation.\" >&2\n    exit 1\nfi\n# This output is used by Xcode 'outputs' to avoid re-running this script phase.\necho \"SUCCESS\" > \"${SCRIPT_OUTPUT_FILE_0}\"\n";
			showEnvVarsInLog = 0;
		};
		6687D23149E7605487AF9BD2 /* [CP] Embed Pods Frameworks */ = {
			isa = PBXShellScriptBuildPhase;
			buildActionMask = 2147483647;
			files = (
			);
			inputFileListPaths = (
				"${PODS_ROOT}/Target Support Files/Pods-AGMVVM-AGMVVMUITests/Pods-AGMVVM-AGMVVMUITests-frameworks-${CONFIGURATION}-input-files.xcfilelist",
			);
			name = "[CP] Embed Pods Frameworks";
			outputFileListPaths = (
				"${PODS_ROOT}/Target Support Files/Pods-AGMVVM-AGMVVMUITests/Pods-AGMVVM-AGMVVMUITests-frameworks-${CONFIGURATION}-output-files.xcfilelist",
			);
			runOnlyForDeploymentPostprocessing = 0;
			shellPath = /bin/sh;
			shellScript = "\"${PODS_ROOT}/Target Support Files/Pods-AGMVVM-AGMVVMUITests/Pods-AGMVVM-AGMVVMUITests-frameworks.sh\"\n";
			showEnvVarsInLog = 0;
		};
		7404EABE6504E877DC37BACA /* [CP] Check Pods Manifest.lock */ = {
			isa = PBXShellScriptBuildPhase;
			buildActionMask = 2147483647;
			files = (
			);
			inputFileListPaths = (
			);
			inputPaths = (
				"${PODS_PODFILE_DIR_PATH}/Podfile.lock",
				"${PODS_ROOT}/Manifest.lock",
			);
			name = "[CP] Check Pods Manifest.lock";
			outputFileListPaths = (
			);
			outputPaths = (
				"$(DERIVED_FILE_DIR)/Pods-AGMVVM-checkManifestLockResult.txt",
			);
			runOnlyForDeploymentPostprocessing = 0;
			shellPath = /bin/sh;
			shellScript = "diff \"${PODS_PODFILE_DIR_PATH}/Podfile.lock\" \"${PODS_ROOT}/Manifest.lock\" > /dev/null\nif [ $? != 0 ] ; then\n    # print error to STDERR\n    echo \"error: The sandbox is not in sync with the Podfile.lock. Run 'pod install' or update your CocoaPods installation.\" >&2\n    exit 1\nfi\n# This output is used by Xcode 'outputs' to avoid re-running this script phase.\necho \"SUCCESS\" > \"${SCRIPT_OUTPUT_FILE_0}\"\n";
			showEnvVarsInLog = 0;
		};
		CBA94DACC0C9BB57B43C6DCE /* [CP] Embed Pods Frameworks */ = {
			isa = PBXShellScriptBuildPhase;
			buildActionMask = 2147483647;
			files = (
			);
			inputFileListPaths = (
				"${PODS_ROOT}/Target Support Files/Pods-AGMVVM/Pods-AGMVVM-frameworks-${CONFIGURATION}-input-files.xcfilelist",
			);
			name = "[CP] Embed Pods Frameworks";
			outputFileListPaths = (
				"${PODS_ROOT}/Target Support Files/Pods-AGMVVM/Pods-AGMVVM-frameworks-${CONFIGURATION}-output-files.xcfilelist",
			);
			runOnlyForDeploymentPostprocessing = 0;
			shellPath = /bin/sh;
			shellScript = "\"${PODS_ROOT}/Target Support Files/Pods-AGMVVM/Pods-AGMVVM-frameworks.sh\"\n";
			showEnvVarsInLog = 0;
		};
		F975D23A7A790BB3186F9CFC /* [CP] Check Pods Manifest.lock */ = {
			isa = PBXShellScriptBuildPhase;
			buildActionMask = 2147483647;
			files = (
			);
			inputFileListPaths = (
			);
			inputPaths = (
				"${PODS_PODFILE_DIR_PATH}/Podfile.lock",
				"${PODS_ROOT}/Manifest.lock",
			);
			name = "[CP] Check Pods Manifest.lock";
			outputFileListPaths = (
			);
			outputPaths = (
				"$(DERIVED_FILE_DIR)/Pods-AGMVVMTests-checkManifestLockResult.txt",
			);
			runOnlyForDeploymentPostprocessing = 0;
			shellPath = /bin/sh;
			shellScript = "diff \"${PODS_PODFILE_DIR_PATH}/Podfile.lock\" \"${PODS_ROOT}/Manifest.lock\" > /dev/null\nif [ $? != 0 ] ; then\n    # print error to STDERR\n    echo \"error: The sandbox is not in sync with the Podfile.lock. Run 'pod install' or update your CocoaPods installation.\" >&2\n    exit 1\nfi\n# This output is used by Xcode 'outputs' to avoid re-running this script phase.\necho \"SUCCESS\" > \"${SCRIPT_OUTPUT_FILE_0}\"\n";
			showEnvVarsInLog = 0;
		};
/* End PBXShellScriptBuildPhase section */

/* Begin PBXSourcesBuildPhase section */
		F81FB38726B984D100577897 /* Sources */ = {
			isa = PBXSourcesBuildPhase;
			buildActionMask = 2147483647;
			files = (
				F81FB3D026B98F3600577897 /* HomeModel.swift in Sources */,
				F81FB3E326B992DC00577897 /* URLRequestBuilder.swift in Sources */,
				F81FB3CD26B98F0900577897 /* HomeVC.swift in Sources */,
				F81FB3EB26B993BA00577897 /* ApiUrl.swift in Sources */,
				F81FB3E126B9924A00577897 /* ResponseHandler.swift in Sources */,
				F81FB3D926B991EE00577897 /* CodableInit.swift in Sources */,
				F81FB3E526B992F500577897 /* UploadData.swift in Sources */,
				F827A99826BA7BB500380E07 /* MainViewController.swift in Sources */,
				F827A99F26BA7F3100380E07 /* NetworkManager.swift in Sources */,
				F81FB38F26B984D100577897 /* AppDelegate.swift in Sources */,
				F81FB3DF26B9923200577897 /* DefaultResponse.swift in Sources */,
				F81FB3D326B98FAB00577897 /* HomeViewModel.swift in Sources */,
				F81FB39126B984D100577897 /* SceneDelegate.swift in Sources */,
				F81FB3DC26B9921000577897 /* APIError.swift in Sources */,
				F81FB3E726B9931200577897 /* APIRequestHandler.swift in Sources */,
				F827A9A326BA89C700380E07 /* HomeTableCell.swift in Sources */,
				F827A9A826BA8D2500380E07 /* TableView+Extension.swift in Sources */,
			);
			runOnlyForDeploymentPostprocessing = 0;
		};
		F81FB39D26B984D700577897 /* Sources */ = {
			isa = PBXSourcesBuildPhase;
			buildActionMask = 2147483647;
			files = (
				F81FB3A626B984D700577897 /* AGMVVMTests.swift in Sources */,
			);
			runOnlyForDeploymentPostprocessing = 0;
		};
		F81FB3A826B984D700577897 /* Sources */ = {
			isa = PBXSourcesBuildPhase;
			buildActionMask = 2147483647;
			files = (
				F81FB3B126B984D700577897 /* AGMVVMUITests.swift in Sources */,
			);
			runOnlyForDeploymentPostprocessing = 0;
		};
/* End PBXSourcesBuildPhase section */

/* Begin PBXTargetDependency section */
		F81FB3A326B984D700577897 /* PBXTargetDependency */ = {
			isa = PBXTargetDependency;
			target = F81FB38A26B984D100577897 /* AGMVVM */;
			targetProxy = F81FB3A226B984D700577897 /* PBXContainerItemProxy */;
		};
		F81FB3AE26B984D700577897 /* PBXTargetDependency */ = {
			isa = PBXTargetDependency;
			target = F81FB38A26B984D100577897 /* AGMVVM */;
			targetProxy = F81FB3AD26B984D700577897 /* PBXContainerItemProxy */;
		};
/* End PBXTargetDependency section */

/* Begin PBXVariantGroup section */
		F81FB39926B984D600577897 /* LaunchScreen.storyboard */ = {
			isa = PBXVariantGroup;
			children = (
				F81FB39A26B984D600577897 /* Base */,
			);
			name = LaunchScreen.storyboard;
			sourceTree = "<group>";
		};
/* End PBXVariantGroup section */

/* Begin XCBuildConfiguration section */
		F81FB3B326B984D700577897 /* Debug */ = {
			isa = XCBuildConfiguration;
			buildSettings = {
				ALWAYS_SEARCH_USER_PATHS = NO;
				CLANG_ANALYZER_NONNULL = YES;
				CLANG_ANALYZER_NUMBER_OBJECT_CONVERSION = YES_AGGRESSIVE;
				CLANG_CXX_LANGUAGE_STANDARD = "gnu++14";
				CLANG_CXX_LIBRARY = "libc++";
				CLANG_ENABLE_MODULES = YES;
				CLANG_ENABLE_OBJC_ARC = YES;
				CLANG_ENABLE_OBJC_WEAK = YES;
				CLANG_WARN_BLOCK_CAPTURE_AUTORELEASING = YES;
				CLANG_WARN_BOOL_CONVERSION = YES;
				CLANG_WARN_COMMA = YES;
				CLANG_WARN_CONSTANT_CONVERSION = YES;
				CLANG_WARN_DEPRECATED_OBJC_IMPLEMENTATIONS = YES;
				CLANG_WARN_DIRECT_OBJC_ISA_USAGE = YES_ERROR;
				CLANG_WARN_DOCUMENTATION_COMMENTS = YES;
				CLANG_WARN_EMPTY_BODY = YES;
				CLANG_WARN_ENUM_CONVERSION = YES;
				CLANG_WARN_INFINITE_RECURSION = YES;
				CLANG_WARN_INT_CONVERSION = YES;
				CLANG_WARN_NON_LITERAL_NULL_CONVERSION = YES;
				CLANG_WARN_OBJC_IMPLICIT_RETAIN_SELF = YES;
				CLANG_WARN_OBJC_LITERAL_CONVERSION = YES;
				CLANG_WARN_OBJC_ROOT_CLASS = YES_ERROR;
				CLANG_WARN_QUOTED_INCLUDE_IN_FRAMEWORK_HEADER = YES;
				CLANG_WARN_RANGE_LOOP_ANALYSIS = YES;
				CLANG_WARN_STRICT_PROTOTYPES = YES;
				CLANG_WARN_SUSPICIOUS_MOVE = YES;
				CLANG_WARN_UNGUARDED_AVAILABILITY = YES_AGGRESSIVE;
				CLANG_WARN_UNREACHABLE_CODE = YES;
				CLANG_WARN__DUPLICATE_METHOD_MATCH = YES;
				COPY_PHASE_STRIP = NO;
				DEBUG_INFORMATION_FORMAT = dwarf;
				ENABLE_STRICT_OBJC_MSGSEND = YES;
				ENABLE_TESTABILITY = YES;
				GCC_C_LANGUAGE_STANDARD = gnu11;
				GCC_DYNAMIC_NO_PIC = NO;
				GCC_NO_COMMON_BLOCKS = YES;
				GCC_OPTIMIZATION_LEVEL = 0;
				GCC_PREPROCESSOR_DEFINITIONS = (
					"DEBUG=1",
					"$(inherited)",
				);
				GCC_WARN_64_TO_32_BIT_CONVERSION = YES;
				GCC_WARN_ABOUT_RETURN_TYPE = YES_ERROR;
				GCC_WARN_UNDECLARED_SELECTOR = YES;
				GCC_WARN_UNINITIALIZED_AUTOS = YES_AGGRESSIVE;
				GCC_WARN_UNUSED_FUNCTION = YES;
				GCC_WARN_UNUSED_VARIABLE = YES;
				IPHONEOS_DEPLOYMENT_TARGET = 14.5;
				MTL_ENABLE_DEBUG_INFO = INCLUDE_SOURCE;
				MTL_FAST_MATH = YES;
				ONLY_ACTIVE_ARCH = YES;
				SDKROOT = iphoneos;
				SWIFT_ACTIVE_COMPILATION_CONDITIONS = DEBUG;
				SWIFT_OPTIMIZATION_LEVEL = "-Onone";
			};
			name = Debug;
		};
		F81FB3B426B984D700577897 /* Release */ = {
			isa = XCBuildConfiguration;
			buildSettings = {
				ALWAYS_SEARCH_USER_PATHS = NO;
				CLANG_ANALYZER_NONNULL = YES;
				CLANG_ANALYZER_NUMBER_OBJECT_CONVERSION = YES_AGGRESSIVE;
				CLANG_CXX_LANGUAGE_STANDARD = "gnu++14";
				CLANG_CXX_LIBRARY = "libc++";
				CLANG_ENABLE_MODULES = YES;
				CLANG_ENABLE_OBJC_ARC = YES;
				CLANG_ENABLE_OBJC_WEAK = YES;
				CLANG_WARN_BLOCK_CAPTURE_AUTORELEASING = YES;
				CLANG_WARN_BOOL_CONVERSION = YES;
				CLANG_WARN_COMMA = YES;
				CLANG_WARN_CONSTANT_CONVERSION = YES;
				CLANG_WARN_DEPRECATED_OBJC_IMPLEMENTATIONS = YES;
				CLANG_WARN_DIRECT_OBJC_ISA_USAGE = YES_ERROR;
				CLANG_WARN_DOCUMENTATION_COMMENTS = YES;
				CLANG_WARN_EMPTY_BODY = YES;
				CLANG_WARN_ENUM_CONVERSION = YES;
				CLANG_WARN_INFINITE_RECURSION = YES;
				CLANG_WARN_INT_CONVERSION = YES;
				CLANG_WARN_NON_LITERAL_NULL_CONVERSION = YES;
				CLANG_WARN_OBJC_IMPLICIT_RETAIN_SELF = YES;
				CLANG_WARN_OBJC_LITERAL_CONVERSION = YES;
				CLANG_WARN_OBJC_ROOT_CLASS = YES_ERROR;
				CLANG_WARN_QUOTED_INCLUDE_IN_FRAMEWORK_HEADER = YES;
				CLANG_WARN_RANGE_LOOP_ANALYSIS = YES;
				CLANG_WARN_STRICT_PROTOTYPES = YES;
				CLANG_WARN_SUSPICIOUS_MOVE = YES;
				CLANG_WARN_UNGUARDED_AVAILABILITY = YES_AGGRESSIVE;
				CLANG_WARN_UNREACHABLE_CODE = YES;
				CLANG_WARN__DUPLICATE_METHOD_MATCH = YES;
				COPY_PHASE_STRIP = NO;
				DEBUG_INFORMATION_FORMAT = "dwarf-with-dsym";
				ENABLE_NS_ASSERTIONS = NO;
				ENABLE_STRICT_OBJC_MSGSEND = YES;
				GCC_C_LANGUAGE_STANDARD = gnu11;
				GCC_NO_COMMON_BLOCKS = YES;
				GCC_WARN_64_TO_32_BIT_CONVERSION = YES;
				GCC_WARN_ABOUT_RETURN_TYPE = YES_ERROR;
				GCC_WARN_UNDECLARED_SELECTOR = YES;
				GCC_WARN_UNINITIALIZED_AUTOS = YES_AGGRESSIVE;
				GCC_WARN_UNUSED_FUNCTION = YES;
				GCC_WARN_UNUSED_VARIABLE = YES;
				IPHONEOS_DEPLOYMENT_TARGET = 14.5;
				MTL_ENABLE_DEBUG_INFO = NO;
				MTL_FAST_MATH = YES;
				SDKROOT = iphoneos;
				SWIFT_COMPILATION_MODE = wholemodule;
				SWIFT_OPTIMIZATION_LEVEL = "-O";
				VALIDATE_PRODUCT = YES;
			};
			name = Release;
		};
		F81FB3B626B984D700577897 /* Debug */ = {
			isa = XCBuildConfiguration;
			baseConfigurationReference = 7CF3149559A18B84C9259DE4 /* Pods-AGMVVM.debug.xcconfig */;
			buildSettings = {
				ASSETCATALOG_COMPILER_APPICON_NAME = AppIcon;
				ASSETCATALOG_COMPILER_GLOBAL_ACCENT_COLOR_NAME = AccentColor;
				CODE_SIGN_STYLE = Automatic;
				DEVELOPMENT_TEAM = AGUFK3463H;
				INFOPLIST_FILE = "$(SRCROOT)/AGMVVM/Configration/Info.plist";
				LD_RUNPATH_SEARCH_PATHS = (
					"$(inherited)",
					"@executable_path/Frameworks",
				);
				PRODUCT_BUNDLE_IDENTIFIER = com.AGMVVM;
				PRODUCT_NAME = "$(TARGET_NAME)";
				SWIFT_VERSION = 5.0;
				TARGETED_DEVICE_FAMILY = "1,2";
			};
			name = Debug;
		};
		F81FB3B726B984D700577897 /* Release */ = {
			isa = XCBuildConfiguration;
			baseConfigurationReference = 49DD64E4E04C7651E6A1852C /* Pods-AGMVVM.release.xcconfig */;
			buildSettings = {
				ASSETCATALOG_COMPILER_APPICON_NAME = AppIcon;
				ASSETCATALOG_COMPILER_GLOBAL_ACCENT_COLOR_NAME = AccentColor;
				CODE_SIGN_STYLE = Automatic;
				DEVELOPMENT_TEAM = AGUFK3463H;
				INFOPLIST_FILE = "$(SRCROOT)/AGMVVM/Configration/Info.plist";
				LD_RUNPATH_SEARCH_PATHS = (
					"$(inherited)",
					"@executable_path/Frameworks",
				);
				PRODUCT_BUNDLE_IDENTIFIER = com.AGMVVM;
				PRODUCT_NAME = "$(TARGET_NAME)";
				SWIFT_VERSION = 5.0;
				TARGETED_DEVICE_FAMILY = "1,2";
			};
			name = Release;
		};
		F81FB3B926B984D700577897 /* Debug */ = {
			isa = XCBuildConfiguration;
			baseConfigurationReference = 333B606D5515C1B922D8C55A /* Pods-AGMVVMTests.debug.xcconfig */;
			buildSettings = {
				ALWAYS_EMBED_SWIFT_STANDARD_LIBRARIES = YES;
				BUNDLE_LOADER = "$(TEST_HOST)";
				CODE_SIGN_STYLE = Automatic;
				DEVELOPMENT_TEAM = AGUFK3463H;
				INFOPLIST_FILE = AGMVVMTests/Info.plist;
				IPHONEOS_DEPLOYMENT_TARGET = 14.5;
				LD_RUNPATH_SEARCH_PATHS = (
					"$(inherited)",
					"@executable_path/Frameworks",
					"@loader_path/Frameworks",
				);
				PRODUCT_BUNDLE_IDENTIFIER = com.AGMVVMTests;
				PRODUCT_NAME = "$(TARGET_NAME)";
				SWIFT_VERSION = 5.0;
				TARGETED_DEVICE_FAMILY = "1,2";
				TEST_HOST = "$(BUILT_PRODUCTS_DIR)/AGMVVM.app/AGMVVM";
			};
			name = Debug;
		};
		F81FB3BA26B984D700577897 /* Release */ = {
			isa = XCBuildConfiguration;
			baseConfigurationReference = C79FA146654F80B91C18F419 /* Pods-AGMVVMTests.release.xcconfig */;
			buildSettings = {
				ALWAYS_EMBED_SWIFT_STANDARD_LIBRARIES = YES;
				BUNDLE_LOADER = "$(TEST_HOST)";
				CODE_SIGN_STYLE = Automatic;
				DEVELOPMENT_TEAM = AGUFK3463H;
				INFOPLIST_FILE = AGMVVMTests/Info.plist;
				IPHONEOS_DEPLOYMENT_TARGET = 14.5;
				LD_RUNPATH_SEARCH_PATHS = (
					"$(inherited)",
					"@executable_path/Frameworks",
					"@loader_path/Frameworks",
				);
				PRODUCT_BUNDLE_IDENTIFIER = com.AGMVVMTests;
				PRODUCT_NAME = "$(TARGET_NAME)";
				SWIFT_VERSION = 5.0;
				TARGETED_DEVICE_FAMILY = "1,2";
				TEST_HOST = "$(BUILT_PRODUCTS_DIR)/AGMVVM.app/AGMVVM";
			};
			name = Release;
		};
		F81FB3BC26B984D700577897 /* Debug */ = {
			isa = XCBuildConfiguration;
			baseConfigurationReference = A4B51DF2AFF8EACAC9B3959E /* Pods-AGMVVM-AGMVVMUITests.debug.xcconfig */;
			buildSettings = {
				ALWAYS_EMBED_SWIFT_STANDARD_LIBRARIES = YES;
				CODE_SIGN_STYLE = Automatic;
				DEVELOPMENT_TEAM = AGUFK3463H;
				INFOPLIST_FILE = AGMVVMUITests/Info.plist;
				LD_RUNPATH_SEARCH_PATHS = (
					"$(inherited)",
					"@executable_path/Frameworks",
					"@loader_path/Frameworks",
				);
				PRODUCT_BUNDLE_IDENTIFIER = com.AGMVVMUITests;
				PRODUCT_NAME = "$(TARGET_NAME)";
				SWIFT_VERSION = 5.0;
				TARGETED_DEVICE_FAMILY = "1,2";
				TEST_TARGET_NAME = AGMVVM;
			};
			name = Debug;
		};
		F81FB3BD26B984D700577897 /* Release */ = {
			isa = XCBuildConfiguration;
			baseConfigurationReference = 95AD88F9AC485FD619DCC52B /* Pods-AGMVVM-AGMVVMUITests.release.xcconfig */;
			buildSettings = {
				ALWAYS_EMBED_SWIFT_STANDARD_LIBRARIES = YES;
				CODE_SIGN_STYLE = Automatic;
				DEVELOPMENT_TEAM = AGUFK3463H;
				INFOPLIST_FILE = AGMVVMUITests/Info.plist;
				LD_RUNPATH_SEARCH_PATHS = (
					"$(inherited)",
					"@executable_path/Frameworks",
					"@loader_path/Frameworks",
				);
				PRODUCT_BUNDLE_IDENTIFIER = com.AGMVVMUITests;
				PRODUCT_NAME = "$(TARGET_NAME)";
				SWIFT_VERSION = 5.0;
				TARGETED_DEVICE_FAMILY = "1,2";
				TEST_TARGET_NAME = AGMVVM;
			};
			name = Release;
		};
/* End XCBuildConfiguration section */

/* Begin XCConfigurationList section */
		F81FB38626B984D100577897 /* Build configuration list for PBXProject "AGMVVM" */ = {
			isa = XCConfigurationList;
			buildConfigurations = (
				F81FB3B326B984D700577897 /* Debug */,
				F81FB3B426B984D700577897 /* Release */,
			);
			defaultConfigurationIsVisible = 0;
			defaultConfigurationName = Release;
		};
		F81FB3B526B984D700577897 /* Build configuration list for PBXNativeTarget "AGMVVM" */ = {
			isa = XCConfigurationList;
			buildConfigurations = (
				F81FB3B626B984D700577897 /* Debug */,
				F81FB3B726B984D700577897 /* Release */,
			);
			defaultConfigurationIsVisible = 0;
			defaultConfigurationName = Release;
		};
		F81FB3B826B984D700577897 /* Build configuration list for PBXNativeTarget "AGMVVMTests" */ = {
			isa = XCConfigurationList;
			buildConfigurations = (
				F81FB3B926B984D700577897 /* Debug */,
				F81FB3BA26B984D700577897 /* Release */,
			);
			defaultConfigurationIsVisible = 0;
			defaultConfigurationName = Release;
		};
		F81FB3BB26B984D700577897 /* Build configuration list for PBXNativeTarget "AGMVVMUITests" */ = {
			isa = XCConfigurationList;
			buildConfigurations = (
				F81FB3BC26B984D700577897 /* Debug */,
				F81FB3BD26B984D700577897 /* Release */,
			);
			defaultConfigurationIsVisible = 0;
			defaultConfigurationName = Release;
		};
/* End XCConfigurationList section */
	};
	rootObject = F81FB38326B984D100577897 /* Project object */;
}
